{
    "_meta": {
        "hash": {
            "sha256": "1be0f0ad8022700a2323335b8b2feb277a285be129b77555e6103314b342a74b"
        },
        "pipfile-spec": 6,
        "requires": {
            "python_version": "3.11"
        },
        "sources": [
            {
                "name": "pypi",
                "url": "https://pypi.org/simple",
                "verify_ssl": true
            }
        ]
    },
    "default": {
        "asgiref": {
            "hashes": [
                "sha256:3e1e3ecc849832fe52ccf2cb6686b7a55f82bb1d6aee72a58826471390335e47",
                "sha256:c343bd80a0bec947a9860adb4c432ffa7db769836c64238fc34bdc3fec84d590"
            ],
            "markers": "python_version >= '3.8'",
            "version": "==3.8.1"
        },
        "click": {
            "hashes": [
                "sha256:27c491cc05d968d271d5a1db13e3b5a184636d9d930f148c50b038f0d0646202",
                "sha256:61a3265b914e850b85317d0b3109c7f8cd35a670f963866005d6ef1d5175a12b"
            ],
            "markers": "python_version >= '3.10'",
            "version": "==8.2.1"
        },
        "django": {
            "hashes": [
                "sha256:335213277666ab2c5cac44a792a6d2f3d58eb79a80c14b6b160cd4afc3b75684",
                "sha256:c517a6334e0fd940066aa9467b29401b93c37cec2e61365d663b80922542069d"
            ],
            "index": "pypi",
            "markers": "python_version >= '3.10'",
            "version": "==5.2.3"
        },
        "granian": {
            "hashes": [
                "sha256:005db5fce5e4994c05374e84e78ed45a2ed0df5e09cb8b7d0c744e99b89d065d",
                "sha256:02123fe5b8615c465821b8dd1cf23b995d539ac3fee02c8423223b580c3531af",
                "sha256:15f915f9d8b64721cbeacb2081101c5bcf33b57b4fe121e5517e0d0317f09335",
                "sha256:161d7abdc3097669136be543245d687fa23e1c69936b1844f8c5334aadc060ef",
                "sha256:1760bf5a6daa18b597f0044266396269fcb2bb952aaff617d055e4ea30ed1bdb",
                "sha256:1972f7c24ac7aefafac2ed7fada54834aa8fa23448b104cfecee05178d4e880c",
                "sha256:1fb9132a3535f3d399ed89621580b6eaed6c9df5c3f673e0a6205c987abb26d0",
                "sha256:20ae1c2fe95a88053d8c1face5e072b281b607344b3d8c437c99b7c1bb9ce9be",
                "sha256:2224b46ad524d92ab8df5e301c489f2839312b8b487b3dcf8c032ef7f4a9b402",
                "sha256:264f315b5ac4310ec4750a221ca7c418bde442e43f6d0689185cefc9ec1c40e9",
                "sha256:29d6d5d407dbd5fcbe58a412619ca060fa3de26e6f37ef48f0ebef2eb8bbec57",
                "sha256:2b8f5e04e6d5c91146c9345ed627badb53334c0abd774c653b00569576984ce2",
                "sha256:2f2e56ce5aaf54d4412cd903a85d3a210f97fc65f2672b6bd7aa3ee98479fbb8",
                "sha256:325c9c767ff2292d479f2145e3d9c6ed8117327ff4a5c6437a4140efef0e8eee",
                "sha256:3491f1989059c3ac8df03a8fdced1233e144c068acddb1b93d6eb0c24fcc38f9",
                "sha256:415a19c95565cd5b2e8f640053a2bcdaaa892c413f862255d49255bec861659e",
                "sha256:41b020b24ac3888c477a2baf488e39cc64cc1235f6053d4d788542d56acbbb6c",
                "sha256:41da9681fe87f2d4d5593ea00743591c76110e90d1ca9e397d99aebcad33a223",
                "sha256:47d44e427d995e22d65ba3674ca9255233e912de7ae384762c0d0d3f5d634ba1",
                "sha256:4b2cef0a948a1278a6c7e5ae1414dbb852f893d56e9574da52e5f89c55fa9c3f",
                "sha256:4d5222a708a0beeea12a3620efdfb6c31975471916b463d9f48aade356bfe1cf",
                "sha256:5187a30d86c3bd05939ee6b61ca542a98106e7b9ac4a28c53137db3d6f7a6f84",
                "sha256:5bef52a7b13654d38346fc09d368895d2c033438b38585d52786509480142d8c",
                "sha256:5f206da0f25916a538f3c042b980b41e7df00f7eea52df2303887efb76069d52",
                "sha256:5f75b7d360c91c59d32f3040883fa880472efb165b98c37bf5de0306f784eb44",
                "sha256:60080d8c9726f558b91fb8b391badf55390500c1c76b2f85cc7862183360ee0c",
                "sha256:6135af0ed734b718f1d7ac2540a088971b06ef65db9f58d44c1ce7dd5df354ac",
                "sha256:62d9865d8d28ea1c5d5a933d6fcf9dd08de41b2c9bbf8e8e630f3076e1e1d295",
                "sha256:64ca0cceafc0640c09a4cc066da6ef3af324a1e7cfd7d9c7f3b4fc3b3cc97d54",
                "sha256:670ce012d4f6fc045698bdf55b8d7ca262876d4c2fb894aceb5e015b1c488c25",
                "sha256:6ba37638c0bfa1b68c852738290ffac99f657ffbc2d6cdcc832d311e189d1947",
                "sha256:6d2032a331e833d3291597dcd7e926c4563b6fab110877d84aeadeed70ee0d23",
                "sha256:6e4b88fc6a9cae9813776d1d7b7d78a4959b33ef38443cf24acd97b6addf99db",
                "sha256:76cd8c85aba6d5c3ac0ac834dbb8044de2e734a6b6a7912d3e97d8deabd51744",
                "sha256:78ce93e65f20b4bc8d8d53fb9e13b8e12309f75bf2d9695b641b504f137ec4a1",
                "sha256:79f9310a6476280c5da451f4c63378376d0aed3278608f3266bdb02dc6227c68",
                "sha256:89c44de0fbe705191107c8a87f9fb66af5be8125a82b6736af72ef81e2f991d6",
                "sha256:8f2b2c8e0cb60bc7121ba1c92826056d5a787ae7bd0be4033aaea25b0ca244f8",
                "sha256:90d2c23a8df642af2bac8e40d17b09550d67498b2a8ea6a8ff8844edba9c14e8",
                "sha256:91fbf1219436b12d3bb8696b5cd53ebc35d3b3af96eab6876efc47e920da507c",
                "sha256:99977564fce60c8c84a84b8ec0de9ce239d5497febbfc3c01ed269b7ba4260dc",
                "sha256:9c9d1abea6bae50b65bb980c0d3a4cc87ba7d138dd0d34c82d471a07e4582b55",
                "sha256:9dbf756a9861ac9c3788c2d9bff93496a7a287a6bc54bfcce443b8b8d41f4e90",
                "sha256:9e95d31f48132b1ed267203291bfd523106838508d49fedafdc9ba303c80e775",
                "sha256:9f869cc23b96d634d9f2ca1880fcffa4634fbedfb7ab9b587e41568e40edcb88",
                "sha256:a1a393fbb8a3245c0b26ae2cf37649d0f1438d61ea780445885212b878ba4e5d",
                "sha256:a83b08a3b26079ef03bddf4ecd63a2199cd4dc94097a7faf0bf99526d9766e8c",
                "sha256:b0ccfe516a8356437747596d2f94f8db2e1a855463ca299574f4e357154598b4",
                "sha256:b1dc70db92729796d0bf94afe4680500e0264958a90939bc4c8a207f68d83f89",
                "sha256:b2ca9e619619f5ac9087804b95e5d0e4dae18fadf8e2484e54495ea10c221f3d",
                "sha256:b390427ac03fd09e6fdf5d290f47480b6e1471e2abf3889d278f119cbea97256",
                "sha256:b94e70080877f368578bc8040936c605eebee204905cd64af0497a4c34307209",
                "sha256:bac27d8b9bbecd5c2027a23cef6135d83ec05f6d0061b40dfdd9587a3f761579",
                "sha256:bac75562ede2c419dc93323a82eee101c6dbc12d2ebed8d856d338e8ff48ce36",
                "sha256:baca4b613eb9545bc309af213afe1940e4253b22445da667c47f841bb7baa666",
                "sha256:c223467643ca1e6436804cc84ec828c6f08c5c24beee6c861f76c9d65b5086c1",
                "sha256:cc785a361c3ce618b1294e0351d439405a2447fa6ec0f6733dfcb9294a187c66",
                "sha256:d4e645d90d2c641df8be36f697f4df3c6be62711a95499a82751ab350469f12a",
                "sha256:d96c8269e733a4176eb39fdc576c361657683d5a1a9b2d9298403b475bb9527c",
                "sha256:d977f28453af8a6d50bc3edeba5bc85933fd0bb3cf046be41c2bde2789a6736e",
                "sha256:da26987cd231ebd6d67af76ce04d399ff65f571480e642798663f0a49780e415",
                "sha256:dc1494ecec5e592771c8b3858fb74803d2fc68bc3228280607ea64c4b715b50f",
                "sha256:de3204f9cf98c4a8fe3059faee1bab84e32e155f62b18affc3e5b7a5978aa478",
                "sha256:deb731cea580c417a4df90ecd88d9efb7e9c4f54c3f67af60854248b2790dbae",
                "sha256:e0fd3af360f934bdeb348e4da7d81b3efeb27ed85b4baac4ad335972b81d6644",
                "sha256:e371c43136f16083594ee414fbb95fb437abd835d40c594e5c14a755945ce273",
                "sha256:ec793853e6dec77429ca551ce3028768225f93b569a9cda54bec9929797afb4a",
                "sha256:ed04cb7f9befb1bcb8f97b7fee6d19eb4375346eeddd43c77193c35e9cf66b9a",
                "sha256:ed6faf7fc90d0314a0e0c199a9834a18dc69462f2de294dee99b0724263df165",
                "sha256:edc2747b0114e461020d68e26a86db42f1e387432f5d0f6842d29bc4342f7a24",
                "sha256:ee5db8b73f09b9bac03e2cdd1a962e3ea588ee3b2ac22a991fdf9cb2aae319cb",
                "sha256:eebef031998b6fbdb7cc81a7b7b1c3166e9f26b067ba315d87b0a5ec21a78d3c",
                "sha256:eed0552f77caa2b11789cf59244f5625b2327689cc36e3de6e3fced428353088",
                "sha256:efcc903437a0fe9d8defcec0ece2f9a3a74d8d23914542995723e3908b41c281",
                "sha256:f0396686f44f04d874c849aafc91e559d3d22db2812d68ca619536211f3c2ef2",
                "sha256:f08064baeb55678840749d42753fab1a450442d56bd17a71e57c9228b8127435",
                "sha256:f3a7488836f064bb3dedabd09c223bf7408e9fd5bf3a77587c73b51d6ce1dbce",
                "sha256:f3ce5d692e85b2755046b3afce91e3603fef6438fc1c4a408ccb5b7041aca127",
                "sha256:f710698771b9b773350e5e67e9c7bfd2dcc2a6c3c849cd157bf794cabbdae76e",
                "sha256:f8f8817bffe4d5ae6e1b4b3be87dcabefe7418b85e8d9745ce260a9273e5aa15",
                "sha256:fb8d7b4c26a71c2ac9b6c54c5f591775bf2e21698730d71201e321181f217b81",
                "sha256:fd0d88ec65b05c02de2784a8503a4278813c63f956d205d61feac47fcbea341c",
                "sha256:fedf6fe1c2a4cf2141860d45ff82861bf257c9d71f39e225f1989091d9656c40"
            ],
            "index": "pypi",
            "markers": "python_version >= '3.9'",
            "version": "==2.3.4"
        },
        "gunicorn": {
            "hashes": [
                "sha256:ec400d38950de4dfd418cff8328b2c8faed0edb0d517d3394e457c317908ca4d",
                "sha256:f014447a0101dc57e294f6c18ca6b40227a4c90e9bdb586042628030cba004ec"
            ],
            "index": "pypi",
            "markers": "python_version >= '3.7'",
            "version": "==23.0.0"
        },
        "packaging": {
            "hashes": [
                "sha256:29572ef2b1f17581046b3a2227d5c611fb25ec70ca1ba8554b24b0e69331a484",
                "sha256:d443872c98d677bf60f6a1f2f8c1cb748e8fe762d2bf9d3148b5599295b0fc4f"
            ],
            "markers": "python_version >= '3.8'",
            "version": "==25.0"
        },
        "sqlparse": {
            "hashes": [
                "sha256:09f67787f56a0b16ecdbde1bfc7f5d9c3371ca683cfeaa8e6ff60b4807ec9272",
                "sha256:cf2196ed3418f3ba5de6af7e82c694a9fbdbfecccdfc72e281548517081f16ca"
            ],
            "markers": "python_version >= '3.8'",
            "version": "==0.5.3"
        }
    },
    "develop": {}
}
